
Microsoft Visual Studio Solution File, Format Version 11.00
# Visual Studio 2010
Project("{FAE04EC0-301F-11D3-BF4B-00C04F79EFBC}") = "PrintCareThirdTry", "PrintCareThirdTry\PrintCareThirdTry.csproj", "{403987E1-8892-46CE-A950-209028907120}"
EndProject
Project("{FAE04EC0-301F-11D3-BF4B-00C04F79EFBC}") = "RegisterMarkAnalizer", "..\RegisterMarkAnalizer\RegisterMarkAnalizer\RegisterMarkAnalizer.csproj", "{AA7E8190-FEC4-4602-A370-9FB27828964C}"
EndProject
Project("{FAE04EC0-301F-11D3-BF4B-00C04F79EFBC}") = "ShapeChecker", "..\ShapeChecker\ShapeChecker_src\ShapeChecker.csproj", "{722FD1AB-4193-45B1-A94E-10B6E5C9AA05}"
EndProject
Global
	GlobalSection(SolutionConfigurationPlatforms) = preSolution
		Debug|Any CPU = Debug|Any CPU
		Debug|Mixed Platforms = Debug|Mixed Platforms
		Debug|x86 = Debug|x86
		Release|Any CPU = Release|Any CPU
		Release|Mixed Platforms = Release|Mixed Platforms
		Release|x86 = Release|x86
	EndGlobalSection
	GlobalSection(ProjectConfigurationPlatforms) = postSolution
		{403987E1-8892-46CE-A950-209028907120}.Debug|Any CPU.ActiveCfg = Debug|x86
		{403987E1-8892-46CE-A950-209028907120}.Debug|Mixed Platforms.ActiveCfg = Debug|x86
		{403987E1-8892-46CE-A950-209028907120}.Debug|Mixed Platforms.Build.0 = Debug|x86
		{403987E1-8892-46CE-A950-209028907120}.Debug|x86.ActiveCfg = Debug|x86
		{403987E1-8892-46CE-A950-209028907120}.Debug|x86.Build.0 = Debug|x86
		{403987E1-8892-46CE-A950-209028907120}.Release|Any CPU.ActiveCfg = Release|x86
		{403987E1-8892-46CE-A950-209028907120}.Release|Mixed Platforms.ActiveCfg = Release|x86
		{403987E1-8892-46CE-A950-209028907120}.Release|Mixed Platforms.Build.0 = Release|x86
		{403987E1-8892-46CE-A950-209028907120}.Release|x86.ActiveCfg = Release|x86
		{403987E1-8892-46CE-A950-209028907120}.Release|x86.Build.0 = Release|x86
		{AA7E8190-FEC4-4602-A370-9FB27828964C}.Debug|Any CPU.ActiveCfg = Debug|x86
		{AA7E8190-FEC4-4602-A370-9FB27828964C}.Debug|Mixed Platforms.ActiveCfg = Debug|x86
		{AA7E8190-FEC4-4602-A370-9FB27828964C}.Debug|Mixed Platforms.Build.0 = Debug|x86
		{AA7E8190-FEC4-4602-A370-9FB27828964C}.Debug|x86.ActiveCfg = Debug|x86
		{AA7E8190-FEC4-4602-A370-9FB27828964C}.Debug|x86.Build.0 = Debug|x86
		{AA7E8190-FEC4-4602-A370-9FB27828964C}.Release|Any CPU.ActiveCfg = Release|x86
		{AA7E8190-FEC4-4602-A370-9FB27828964C}.Release|Mixed Platforms.ActiveCfg = Release|x86
		{AA7E8190-FEC4-4602-A370-9FB27828964C}.Release|Mixed Platforms.Build.0 = Release|x86
		{AA7E8190-FEC4-4602-A370-9FB27828964C}.Release|x86.ActiveCfg = Release|x86
		{AA7E8190-FEC4-4602-A370-9FB27828964C}.Release|x86.Build.0 = Release|x86
		{722FD1AB-4193-45B1-A94E-10B6E5C9AA05}.Debug|Any CPU.ActiveCfg = Debug|Any CPU
		{722FD1AB-4193-45B1-A94E-10B6E5C9AA05}.Debug|Any CPU.Build.0 = Debug|Any CPU
		{722FD1AB-4193-45B1-A94E-10B6E5C9AA05}.Debug|Mixed Platforms.ActiveCfg = Debug|Any CPU
		{722FD1AB-4193-45B1-A94E-10B6E5C9AA05}.Debug|Mixed Platforms.Build.0 = Debug|Any CPU
		{722FD1AB-4193-45B1-A94E-10B6E5C9AA05}.Debug|x86.ActiveCfg = Debug|Any CPU
		{722FD1AB-4193-45B1-A94E-10B6E5C9AA05}.Release|Any CPU.ActiveCfg = Release|Any CPU
		{722FD1AB-4193-45B1-A94E-10B6E5C9AA05}.Release|Any CPU.Build.0 = Release|Any CPU
		{722FD1AB-4193-45B1-A94E-10B6E5C9AA05}.Release|Mixed Platforms.ActiveCfg = Release|Any CPU
		{722FD1AB-4193-45B1-A94E-10B6E5C9AA05}.Release|Mixed Platforms.Build.0 = Release|Any CPU
		{722FD1AB-4193-45B1-A94E-10B6E5C9AA05}.Release|x86.ActiveCfg = Release|Any CPU
	EndGlobalSection
	GlobalSection(SolutionProperties) = preSolution
		HideSolutionNode = FALSE
	EndGlobalSection
EndGlobal
